
Microsoft Visual Studio Solution File, Format Version 12.00
# Visual Studio Version 17
VisualStudioVersion = 17.3.32929.385
MinimumVisualStudioVersion = 10.0.40219.1
Project("{FAE04EC0-301F-11D3-BF4B-00C04F79EFBC}") = "pageObjects", "pageObjects.csproj", "{66033BD4-FB9B-400E-81C3-9BC230B20E9B}"
EndProject
Project("{FAE04EC0-301F-11D3-BF4B-00C04F79EFBC}") = "tests", "..\tests\tests.csproj", "{56A25DA4-12AC-4471-BFE4-66029F31DBD2}"
EndProject
Global
	GlobalSection(SolutionConfigurationPlatforms) = preSolution
		Debug|Any CPU = Debug|Any CPU
		Release|Any CPU = Release|Any CPU
	EndGlobalSection
	GlobalSection(ProjectConfigurationPlatforms) = postSolution
		{66033BD4-FB9B-400E-81C3-9BC230B20E9B}.Debug|Any CPU.ActiveCfg = Debug|Any CPU
		{66033BD4-FB9B-400E-81C3-9BC230B20E9B}.Debug|Any CPU.Build.0 = Debug|Any CPU
		{66033BD4-FB9B-400E-81C3-9BC230B20E9B}.Release|Any CPU.ActiveCfg = Release|Any CPU
		{66033BD4-FB9B-400E-81C3-9BC230B20E9B}.Release|Any CPU.Build.0 = Release|Any CPU
		{56A25DA4-12AC-4471-BFE4-66029F31DBD2}.Debug|Any CPU.ActiveCfg = Debug|Any CPU
		{56A25DA4-12AC-4471-BFE4-66029F31DBD2}.Debug|Any CPU.Build.0 = Debug|Any CPU
		{56A25DA4-12AC-4471-BFE4-66029F31DBD2}.Release|Any CPU.ActiveCfg = Release|Any CPU
		{56A25DA4-12AC-4471-BFE4-66029F31DBD2}.Release|Any CPU.Build.0 = Release|Any CPU
	EndGlobalSection
	GlobalSection(SolutionProperties) = preSolution
		HideSolutionNode = FALSE
	EndGlobalSection
	GlobalSection(ExtensibilityGlobals) = postSolution
		SolutionGuid = {20B713E4-09BB-4A06-9B4C-32891BA68067}
	EndGlobalSection
EndGlobal
